
Microsoft Visual Studio Solution File, Format Version 12.00
# Visual Studio Version 16
VisualStudioVersion = 16.0.28803.452
MinimumVisualStudioVersion = 10.0.40219.1
Project("{9A19103F-16F7-4668-BE54-9A1E7A4F7556}") = "GameService", "GameService\GameService.csproj", "{ECFAE954-4BA3-4606-9EDD-4B538E47E1F5}"
EndProject
Project("{9A19103F-16F7-4668-BE54-9A1E7A4F7556}") = "ServiceSdk", "ServiceSdk\ServiceSdk.csproj", "{5B729C99-E6DC-4C5B-BF37-F6DA13C6B2E7}"
EndProject
Project("{9A19103F-16F7-4668-BE54-9A1E7A4F7556}") = "ServiceProtocol", "ServiceProtocol\ServiceProtocol.csproj", "{1FFC66E1-426D-4EB5-A7DD-65285315F2B3}"
EndProject
Project("{9A19103F-16F7-4668-BE54-9A1E7A4F7556}") = "GameCore", "GameCore\GameCore.csproj", "{38A89452-ADA2-4653-B1FB-ED1E32A7EA60}"
EndProject
Project("{9A19103F-16F7-4668-BE54-9A1E7A4F7556}") = "GameCommon", "GameCommon\GameCommon.csproj", "{D918E7D2-06D5-4A30-92D5-411E6826DD58}"
EndProject
Project("{9A19103F-16F7-4668-BE54-9A1E7A4F7556}") = "ServiceUtility", "ServiceUtility\ServiceUtility.csproj", "{E32D43A8-9E49-4E1C-8F5E-062E4F05BD0A}"
EndProject
Global
	GlobalSection(SolutionConfigurationPlatforms) = preSolution
		Debug|Any CPU = Debug|Any CPU
		Release|Any CPU = Release|Any CPU
	EndGlobalSection
	GlobalSection(ProjectConfigurationPlatforms) = postSolution
		{ECFAE954-4BA3-4606-9EDD-4B538E47E1F5}.Debug|Any CPU.ActiveCfg = Debug|Any CPU
		{ECFAE954-4BA3-4606-9EDD-4B538E47E1F5}.Debug|Any CPU.Build.0 = Debug|Any CPU
		{ECFAE954-4BA3-4606-9EDD-4B538E47E1F5}.Release|Any CPU.ActiveCfg = Release|Any CPU
		{ECFAE954-4BA3-4606-9EDD-4B538E47E1F5}.Release|Any CPU.Build.0 = Release|Any CPU
		{5B729C99-E6DC-4C5B-BF37-F6DA13C6B2E7}.Debug|Any CPU.ActiveCfg = Debug|Any CPU
		{5B729C99-E6DC-4C5B-BF37-F6DA13C6B2E7}.Debug|Any CPU.Build.0 = Debug|Any CPU
		{5B729C99-E6DC-4C5B-BF37-F6DA13C6B2E7}.Release|Any CPU.ActiveCfg = Release|Any CPU
		{5B729C99-E6DC-4C5B-BF37-F6DA13C6B2E7}.Release|Any CPU.Build.0 = Release|Any CPU
		{1FFC66E1-426D-4EB5-A7DD-65285315F2B3}.Debug|Any CPU.ActiveCfg = Debug|Any CPU
		{1FFC66E1-426D-4EB5-A7DD-65285315F2B3}.Debug|Any CPU.Build.0 = Debug|Any CPU
		{1FFC66E1-426D-4EB5-A7DD-65285315F2B3}.Release|Any CPU.ActiveCfg = Release|Any CPU
		{1FFC66E1-426D-4EB5-A7DD-65285315F2B3}.Release|Any CPU.Build.0 = Release|Any CPU
		{38A89452-ADA2-4653-B1FB-ED1E32A7EA60}.Debug|Any CPU.ActiveCfg = Debug|Any CPU
		{38A89452-ADA2-4653-B1FB-ED1E32A7EA60}.Debug|Any CPU.Build.0 = Debug|Any CPU
		{38A89452-ADA2-4653-B1FB-ED1E32A7EA60}.Release|Any CPU.ActiveCfg = Release|Any CPU
		{38A89452-ADA2-4653-B1FB-ED1E32A7EA60}.Release|Any CPU.Build.0 = Release|Any CPU
		{D918E7D2-06D5-4A30-92D5-411E6826DD58}.Debug|Any CPU.ActiveCfg = Debug|Any CPU
		{D918E7D2-06D5-4A30-92D5-411E6826DD58}.Debug|Any CPU.Build.0 = Debug|Any CPU
		{D918E7D2-06D5-4A30-92D5-411E6826DD58}.Release|Any CPU.ActiveCfg = Release|Any CPU
		{D918E7D2-06D5-4A30-92D5-411E6826DD58}.Release|Any CPU.Build.0 = Release|Any CPU
		{E32D43A8-9E49-4E1C-8F5E-062E4F05BD0A}.Debug|Any CPU.ActiveCfg = Debug|Any CPU
		{E32D43A8-9E49-4E1C-8F5E-062E4F05BD0A}.Debug|Any CPU.Build.0 = Debug|Any CPU
		{E32D43A8-9E49-4E1C-8F5E-062E4F05BD0A}.Release|Any CPU.ActiveCfg = Release|Any CPU
		{E32D43A8-9E49-4E1C-8F5E-062E4F05BD0A}.Release|Any CPU.Build.0 = Release|Any CPU
	EndGlobalSection
	GlobalSection(SolutionProperties) = preSolution
		HideSolutionNode = FALSE
	EndGlobalSection
	GlobalSection(ExtensibilityGlobals) = postSolution
		SolutionGuid = {0D10373E-B674-4BFD-BA6E-7C5694B08872}
	EndGlobalSection
EndGlobal
